
Microsoft Visual Studio Solution File, Format Version 12.00
# Visual Studio 15
VisualStudioVersion = 15.0.28307.1525
MinimumVisualStudioVersion = 10.0.40219.1
Project("{FAE04EC0-301F-11D3-BF4B-00C04F79EFBC}") = "FerroVelho", "FerroVelho\FerroVelho.csproj", "{4BEFC537-BAC9-4EEA-A87F-E7C3601F1C43}"
EndProject
Project("{FAE04EC0-301F-11D3-BF4B-00C04F79EFBC}") = "FerroVelhoDAO", "FerroVelhoDAO\FerroVelhoDAO.csproj", "{9890FD44-B96F-4DFC-A241-2F1E9DE4F9DB}"
EndProject
Global
	GlobalSection(SolutionConfigurationPlatforms) = preSolution
		Debug|Any CPU = Debug|Any CPU
		Release|Any CPU = Release|Any CPU
	EndGlobalSection
	GlobalSection(ProjectConfigurationPlatforms) = postSolution
		{4BEFC537-BAC9-4EEA-A87F-E7C3601F1C43}.Debug|Any CPU.ActiveCfg = Debug|Any CPU
		{4BEFC537-BAC9-4EEA-A87F-E7C3601F1C43}.Debug|Any CPU.Build.0 = Debug|Any CPU
		{4BEFC537-BAC9-4EEA-A87F-E7C3601F1C43}.Release|Any CPU.ActiveCfg = Release|Any CPU
		{4BEFC537-BAC9-4EEA-A87F-E7C3601F1C43}.Release|Any CPU.Build.0 = Release|Any CPU
		{9890FD44-B96F-4DFC-A241-2F1E9DE4F9DB}.Debug|Any CPU.ActiveCfg = Debug|Any CPU
		{9890FD44-B96F-4DFC-A241-2F1E9DE4F9DB}.Debug|Any CPU.Build.0 = Debug|Any CPU
		{9890FD44-B96F-4DFC-A241-2F1E9DE4F9DB}.Release|Any CPU.ActiveCfg = Release|Any CPU
		{9890FD44-B96F-4DFC-A241-2F1E9DE4F9DB}.Release|Any CPU.Build.0 = Release|Any CPU
	EndGlobalSection
	GlobalSection(SolutionProperties) = preSolution
		HideSolutionNode = FALSE
	EndGlobalSection
	GlobalSection(ExtensibilityGlobals) = postSolution
		SolutionGuid = {ACCB74C7-DA4C-4B68-BC9D-40C976BA7934}
	EndGlobalSection
EndGlobal
